// !$*UTF8*$!
{
	archiveVersion = 1;
	classes = {
	};
	objectVersion = 46;
	objects = {

/* Begin PBXBuildFile section */
		0012438B1A9EC90700580506 /* GpUavServer.cpp in Sources */ = {isa = PBXBuildFile; fileRef = 001243871A9EC90700580506 /* GpUavServer.cpp */; };
		0012438C1A9EC90700580506 /* main.cpp in Sources */ = {isa = PBXBuildFile; fileRef = 001243891A9EC90700580506 /* main.cpp */; };
		0012438D1A9EC90700580506 /* makefile in Sources */ = {isa = PBXBuildFile; fileRef = 0012438A1A9EC90700580506 /* makefile */; };
		001526D61A9E96E60059BC0F /* GpUavController.cpp in Sources */ = {isa = PBXBuildFile; fileRef = 001526D41A9E96E60059BC0F /* GpUavController.cpp */; };
		001526D91A9E97020059BC0F /* GpUavAsset.cpp in Sources */ = {isa = PBXBuildFile; fileRef = 001526D71A9E97020059BC0F /* GpUavAsset.cpp */; };
/* End PBXBuildFile section */

/* Begin PBXCopyFilesBuildPhase section */
		001526BE1A9E90BE0059BC0F /* CopyFiles */ = {
			isa = PBXCopyFilesBuildPhase;
			buildActionMask = 2147483647;
			dstPath = /usr/share/man/man1/;
			dstSubfolderSpec = 0;
			files = (
			);
			runOnlyForDeploymentPostprocessing = 1;
		};
/* End PBXCopyFilesBuildPhase section */

/* Begin PBXFileReference section */
		001243871A9EC90700580506 /* GpUavServer.cpp */ = {isa = PBXFileReference; fileEncoding = 4; lastKnownFileType = sourcecode.cpp.cpp; name = GpUavServer.cpp; path = ../GpUavServer.cpp; sourceTree = "<group>"; };
		001243881A9EC90700580506 /* GpUavServer.h */ = {isa = PBXFileReference; fileEncoding = 4; lastKnownFileType = sourcecode.c.h; name = GpUavServer.h; path = ../GpUavServer.h; sourceTree = "<group>"; };
		001243891A9EC90700580506 /* main.cpp */ = {isa = PBXFileReference; fileEncoding = 4; lastKnownFileType = sourcecode.cpp.cpp; path = main.cpp; sourceTree = "<group>"; };
		0012438A1A9EC90700580506 /* makefile */ = {isa = PBXFileReference; fileEncoding = 4; lastKnownFileType = sourcecode.make; path = makefile; sourceTree = "<group>"; };
		001526C01A9E90BE0059BC0F /* UavServer */ = {isa = PBXFileReference; explicitFileType = "compiled.mach-o.executable"; includeInIndex = 0; path = UavServer; sourceTree = BUILT_PRODUCTS_DIR; };
		001526D41A9E96E60059BC0F /* GpUavController.cpp */ = {isa = PBXFileReference; fileEncoding = 4; lastKnownFileType = sourcecode.cpp.cpp; path = GpUavController.cpp; sourceTree = "<group>"; };
		001526D51A9E96E60059BC0F /* GpUavController.h */ = {isa = PBXFileReference; fileEncoding = 4; lastKnownFileType = sourcecode.c.h; path = GpUavController.h; sourceTree = "<group>"; };
		001526D71A9E97020059BC0F /* GpUavAsset.cpp */ = {isa = PBXFileReference; fileEncoding = 4; lastKnownFileType = sourcecode.cpp.cpp; path = GpUavAsset.cpp; sourceTree = "<group>"; };
		001526D81A9E97020059BC0F /* GpUavAsset.h */ = {isa = PBXFileReference; fileEncoding = 4; lastKnownFileType = sourcecode.c.h; path = GpUavAsset.h; sourceTree = "<group>"; };
/* End PBXFileReference section */

/* Begin PBXFrameworksBuildPhase section */
		001526BD1A9E90BE0059BC0F /* Frameworks */ = {
			isa = PBXFrameworksBuildPhase;
			buildActionMask = 2147483647;
			files = (
			);
			runOnlyForDeploymentPostprocessing = 0;
		};
/* End PBXFrameworksBuildPhase section */

/* Begin PBXGroup section */
		001526B71A9E90BE0059BC0F = {
			isa = PBXGroup;
			children = (
				001526D21A9E96930059BC0F /* Controller */,
				001526D11A9E96840059BC0F /* Fly */,
				001526C21A9E90BE0059BC0F /* Server */,
				001526D31A9E96AF0059BC0F /* Support */,
				001526C11A9E90BE0059BC0F /* Products */,
			);
			sourceTree = "<group>";
		};
		001526C11A9E90BE0059BC0F /* Products */ = {
			isa = PBXGroup;
			children = (
				001526C01A9E90BE0059BC0F /* UavServer */,
			);
			name = Products;
			sourceTree = "<group>";
		};
		001526C21A9E90BE0059BC0F /* Server */ = {
			isa = PBXGroup;
			children = (
				001243881A9EC90700580506 /* GpUavServer.h */,
				001243871A9EC90700580506 /* GpUavServer.cpp */,
			);
			name = Server;
			path = UavServer;
			sourceTree = "<group>";
		};
		001526D11A9E96840059BC0F /* Fly */ = {
			isa = PBXGroup;
			children = (
				001526D81A9E97020059BC0F /* GpUavAsset.h */,
				001526D71A9E97020059BC0F /* GpUavAsset.cpp */,
			);
			name = Fly;
			sourceTree = "<group>";
		};
		001526D21A9E96930059BC0F /* Controller */ = {
			isa = PBXGroup;
			children = (
				001526D51A9E96E60059BC0F /* GpUavController.h */,
				001526D41A9E96E60059BC0F /* GpUavController.cpp */,
			);
			name = Controller;
			sourceTree = "<group>";
		};
		001526D31A9E96AF0059BC0F /* Support */ = {
			isa = PBXGroup;
			children = (
				001243891A9EC90700580506 /* main.cpp */,
				0012438A1A9EC90700580506 /* makefile */,
			);
			name = Support;
			sourceTree = "<group>";
		};
/* End PBXGroup section */

/* Begin PBXNativeTarget section */
		001526BF1A9E90BE0059BC0F /* UavServer */ = {
			isa = PBXNativeTarget;
			buildConfigurationList = 001526C71A9E90BE0059BC0F /* Build configuration list for PBXNativeTarget "UavServer" */;
			buildPhases = (
				001526BC1A9E90BE0059BC0F /* Sources */,
				001526BD1A9E90BE0059BC0F /* Frameworks */,
				001526BE1A9E90BE0059BC0F /* CopyFiles */,
			);
			buildRules = (
			);
			dependencies = (
			);
			name = UavServer;
			productName = UavServer;
			productReference = 001526C01A9E90BE0059BC0F /* UavServer */;
			productType = "com.apple.product-type.tool";
		};
/* End PBXNativeTarget section */

/* Begin PBXProject section */
		001526B81A9E90BE0059BC0F /* Project object */ = {
			isa = PBXProject;
			attributes = {
				LastUpgradeCheck = 0610;
				ORGANIZATIONNAME = swimr;
				TargetAttributes = {
					001526BF1A9E90BE0059BC0F = {
						CreatedOnToolsVersion = 6.1.1;
					};
				};
			};
			buildConfigurationList = 001526BB1A9E90BE0059BC0F /* Build configuration list for PBXProject "UavServer" */;
			compatibilityVersion = "Xcode 3.2";
			developmentRegion = English;
			hasScannedForEncodings = 0;
			knownRegions = (
				en,
			);
			mainGroup = 001526B71A9E90BE0059BC0F;
			productRefGroup = 001526C11A9E90BE0059BC0F /* Products */;
			projectDirPath = "";
			projectRoot = "";
			targets = (
				001526BF1A9E90BE0059BC0F /* UavServer */,
			);
		};
/* End PBXProject section */

/* Begin PBXSourcesBuildPhase section */
		001526BC1A9E90BE0059BC0F /* Sources */ = {
			isa = PBXSourcesBuildPhase;
			buildActionMask = 2147483647;
			files = (
				001526D91A9E97020059BC0F /* GpUavAsset.cpp in Sources */,
				0012438B1A9EC90700580506 /* GpUavServer.cpp in Sources */,
				0012438C1A9EC90700580506 /* main.cpp in Sources */,
				001526D61A9E96E60059BC0F /* GpUavController.cpp in Sources */,
				0012438D1A9EC90700580506 /* makefile in Sources */,
			);
			runOnlyForDeploymentPostprocessing = 0;
		};
/* End PBXSourcesBuildPhase section */

/* Begin XCBuildConfiguration section */
		001526C51A9E90BE0059BC0F /* Debug */ = {
			isa = XCBuildConfiguration;
			buildSettings = {
				ALWAYS_SEARCH_USER_PATHS = NO;
				CLANG_CXX_LANGUAGE_STANDARD = "gnu++0x";
				CLANG_CXX_LIBRARY = "libc++";
				CLANG_ENABLE_MODULES = YES;
				CLANG_ENABLE_OBJC_ARC = YES;
				CLANG_WARN_BOOL_CONVERSION = YES;
				CLANG_WARN_CONSTANT_CONVERSION = YES;
				CLANG_WARN_DIRECT_OBJC_ISA_USAGE = YES_ERROR;
				CLANG_WARN_EMPTY_BODY = YES;
				CLANG_WARN_ENUM_CONVERSION = YES;
				CLANG_WARN_INT_CONVERSION = YES;
				CLANG_WARN_OBJC_ROOT_CLASS = YES_ERROR;
				CLANG_WARN_UNREACHABLE_CODE = YES;
				CLANG_WARN__DUPLICATE_METHOD_MATCH = YES;
				COPY_PHASE_STRIP = NO;
				ENABLE_STRICT_OBJC_MSGSEND = YES;
				GCC_C_LANGUAGE_STANDARD = gnu99;
				GCC_DYNAMIC_NO_PIC = NO;
				GCC_OPTIMIZATION_LEVEL = 0;
				GCC_PREPROCESSOR_DEFINITIONS = (
					"DEBUG=1",
					"$(inherited)",
				);
				GCC_SYMBOLS_PRIVATE_EXTERN = NO;
				GCC_WARN_64_TO_32_BIT_CONVERSION = YES;
				GCC_WARN_ABOUT_RETURN_TYPE = YES_ERROR;
				GCC_WARN_UNDECLARED_SELECTOR = YES;
				GCC_WARN_UNINITIALIZED_AUTOS = YES_AGGRESSIVE;
				GCC_WARN_UNUSED_FUNCTION = YES;
				GCC_WARN_UNUSED_VARIABLE = YES;
				MACOSX_DEPLOYMENT_TARGET = 10.10;
				MTL_ENABLE_DEBUG_INFO = YES;
				ONLY_ACTIVE_ARCH = YES;
				SDKROOT = macosx;
			};
			name = Debug;
		};
		001526C61A9E90BE0059BC0F /* Release */ = {
			isa = XCBuildConfiguration;
			buildSettings = {
				ALWAYS_SEARCH_USER_PATHS = NO;
				CLANG_CXX_LANGUAGE_STANDARD = "gnu++0x";
				CLANG_CXX_LIBRARY = "libc++";
				CLANG_ENABLE_MODULES = YES;
				CLANG_ENABLE_OBJC_ARC = YES;
				CLANG_WARN_BOOL_CONVERSION = YES;
				CLANG_WARN_CONSTANT_CONVERSION = YES;
				CLANG_WARN_DIRECT_OBJC_ISA_USAGE = YES_ERROR;
				CLANG_WARN_EMPTY_BODY = YES;
				CLANG_WARN_ENUM_CONVERSION = YES;
				CLANG_WARN_INT_CONVERSION = YES;
				CLANG_WARN_OBJC_ROOT_CLASS = YES_ERROR;
				CLANG_WARN_UNREACHABLE_CODE = YES;
				CLANG_WARN__DUPLICATE_METHOD_MATCH = YES;
				COPY_PHASE_STRIP = YES;
				DEBUG_INFORMATION_FORMAT = "dwarf-with-dsym";
				ENABLE_NS_ASSERTIONS = NO;
				ENABLE_STRICT_OBJC_MSGSEND = YES;
				GCC_C_LANGUAGE_STANDARD = gnu99;
				GCC_WARN_64_TO_32_BIT_CONVERSION = YES;
				GCC_WARN_ABOUT_RETURN_TYPE = YES_ERROR;
				GCC_WARN_UNDECLARED_SELECTOR = YES;
				GCC_WARN_UNINITIALIZED_AUTOS = YES_AGGRESSIVE;
				GCC_WARN_UNUSED_FUNCTION = YES;
				GCC_WARN_UNUSED_VARIABLE = YES;
				MACOSX_DEPLOYMENT_TARGET = 10.10;
				MTL_ENABLE_DEBUG_INFO = NO;
				SDKROOT = macosx;
			};
			name = Release;
		};
		001526C81A9E90BE0059BC0F /* Debug */ = {
			isa = XCBuildConfiguration;
			buildSettings = {
				HEADER_SEARCH_PATHS = (
					"$(inherited)",
					/Applications/Xcode.app/Contents/Developer/Toolchains/XcodeDefault.xctoolchain/usr/include,
					/Users/aaa/Spider/__dev/uav/libraries/,
				);
				PRODUCT_NAME = "$(TARGET_NAME)";
			};
			name = Debug;
		};
		001526C91A9E90BE0059BC0F /* Release */ = {
			isa = XCBuildConfiguration;
			buildSettings = {
				HEADER_SEARCH_PATHS = (
					"$(inherited)",
					/Applications/Xcode.app/Contents/Developer/Toolchains/XcodeDefault.xctoolchain/usr/include,
					/Users/aaa/Spider/__dev/uav/libraries/,
				);
				PRODUCT_NAME = "$(TARGET_NAME)";
			};
			name = Release;
		};
/* End XCBuildConfiguration section */

/* Begin XCConfigurationList section */
		001526BB1A9E90BE0059BC0F /* Build configuration list for PBXProject "UavServer" */ = {
			isa = XCConfigurationList;
			buildConfigurations = (
				001526C51A9E90BE0059BC0F /* Debug */,
				001526C61A9E90BE0059BC0F /* Release */,
			);
			defaultConfigurationIsVisible = 0;
			defaultConfigurationName = Release;
		};
		001526C71A9E90BE0059BC0F /* Build configuration list for PBXNativeTarget "UavServer" */ = {
			isa = XCConfigurationList;
			buildConfigurations = (
				001526C81A9E90BE0059BC0F /* Debug */,
				001526C91A9E90BE0059BC0F /* Release */,
			);
			defaultConfigurationIsVisible = 0;
			defaultConfigurationName = Release;
		};
/* End XCConfigurationList section */
	};
	rootObject = 001526B81A9E90BE0059BC0F /* Project object */;
}
